// !$*UTF8*$!
{
	archiveVersion = 1;
	classes = {
	};
	objectVersion = 51;
	objects = {

/* Begin PBXBuildFile section */
		1A0BF34C2687452F00AA9B2D /* ExtensionLabel.swift in Sources */ = {isa = PBXBuildFile; fileRef = 1A0BF34B2687452F00AA9B2D /* ExtensionLabel.swift */; };
		1A0BF3512687461C00AA9B2D /* LikesCollectionViewCell.swift in Sources */ = {isa = PBXBuildFile; fileRef = 1A0BF3502687461C00AA9B2D /* LikesCollectionViewCell.swift */; };
		1A0BF35526874CCE00AA9B2D /* LikesCollectionViewController.swift in Sources */ = {isa = PBXBuildFile; fileRef = 1A0BF35426874CCE00AA9B2D /* LikesCollectionViewController.swift */; };
		1A804B0026845313001EC2E2 /* NetworkService.swift in Sources */ = {isa = PBXBuildFile; fileRef = 1A804AFF26845313001EC2E2 /* NetworkService.swift */; };
		1A804B0526846190001EC2E2 /* NetworkDataFetcher.swift in Sources */ = {isa = PBXBuildFile; fileRef = 1A804B0426846190001EC2E2 /* NetworkDataFetcher.swift */; };
		1A804B08268461F7001EC2E2 /* SearchResults.swift in Sources */ = {isa = PBXBuildFile; fileRef = 1A804B07268461F7001EC2E2 /* SearchResults.swift */; };
		1A804B1026848526001EC2E2 /* PhotosCell.swift in Sources */ = {isa = PBXBuildFile; fileRef = 1A804B0F26848526001EC2E2 /* PhotosCell.swift */; };
		1AE60BCC26837E400091984E /* PhotosCollectionViewController.swift in Sources */ = {isa = PBXBuildFile; fileRef = 1AE60BCB26837E400091984E /* PhotosCollectionViewController.swift */; };
		1AEC22172683760400D7CB5B /* AppDelegate.swift in Sources */ = {isa = PBXBuildFile; fileRef = 1AEC22162683760400D7CB5B /* AppDelegate.swift */; };
		1AEC22192683760400D7CB5B /* SceneDelegate.swift in Sources */ = {isa = PBXBuildFile; fileRef = 1AEC22182683760400D7CB5B /* SceneDelegate.swift */; };
		1AEC221B2683760400D7CB5B /* ViewController.swift in Sources */ = {isa = PBXBuildFile; fileRef = 1AEC221A2683760400D7CB5B /* ViewController.swift */; };
		1AEC221E2683760400D7CB5B /* Main.storyboard in Resources */ = {isa = PBXBuildFile; fileRef = 1AEC221C2683760400D7CB5B /* Main.storyboard */; };
		1AEC22202683760800D7CB5B /* Assets.xcassets in Resources */ = {isa = PBXBuildFile; fileRef = 1AEC221F2683760800D7CB5B /* Assets.xcassets */; };
		1AEC22232683760800D7CB5B /* LaunchScreen.storyboard in Resources */ = {isa = PBXBuildFile; fileRef = 1AEC22212683760800D7CB5B /* LaunchScreen.storyboard */; };
		1AEC222C2683770A00D7CB5B /* MainTabBarController.swift in Sources */ = {isa = PBXBuildFile; fileRef = 1AEC222B2683770A00D7CB5B /* MainTabBarController.swift */; };
		2EC77FC5655C7098C496B7FF /* Pods_PhotoGallery.framework in Frameworks */ = {isa = PBXBuildFile; fileRef = B104597DD0FEE1D67AB433F7 /* Pods_PhotoGallery.framework */; };
/* End PBXBuildFile section */

/* Begin PBXFileReference section */
		0C50CF0E889ABF1773FED206 /* Pods-PhotoGallery.release.xcconfig */ = {isa = PBXFileReference; includeInIndex = 1; lastKnownFileType = text.xcconfig; name = "Pods-PhotoGallery.release.xcconfig"; path = "Target Support Files/Pods-PhotoGallery/Pods-PhotoGallery.release.xcconfig"; sourceTree = "<group>"; };
		1A0BF34B2687452F00AA9B2D /* ExtensionLabel.swift */ = {isa = PBXFileReference; lastKnownFileType = sourcecode.swift; path = ExtensionLabel.swift; sourceTree = "<group>"; };
		1A0BF3502687461C00AA9B2D /* LikesCollectionViewCell.swift */ = {isa = PBXFileReference; lastKnownFileType = sourcecode.swift; path = LikesCollectionViewCell.swift; sourceTree = "<group>"; };
		1A0BF35426874CCE00AA9B2D /* LikesCollectionViewController.swift */ = {isa = PBXFileReference; lastKnownFileType = sourcecode.swift; path = LikesCollectionViewController.swift; sourceTree = "<group>"; };
		1A804AFF26845313001EC2E2 /* NetworkService.swift */ = {isa = PBXFileReference; lastKnownFileType = sourcecode.swift; path = NetworkService.swift; sourceTree = "<group>"; };
		1A804B0426846190001EC2E2 /* NetworkDataFetcher.swift */ = {isa = PBXFileReference; lastKnownFileType = sourcecode.swift; path = NetworkDataFetcher.swift; sourceTree = "<group>"; };
		1A804B07268461F7001EC2E2 /* SearchResults.swift */ = {isa = PBXFileReference; lastKnownFileType = sourcecode.swift; path = SearchResults.swift; sourceTree = "<group>"; };
		1A804B0F26848526001EC2E2 /* PhotosCell.swift */ = {isa = PBXFileReference; lastKnownFileType = sourcecode.swift; path = PhotosCell.swift; sourceTree = "<group>"; };
		1AE60BCB26837E400091984E /* PhotosCollectionViewController.swift */ = {isa = PBXFileReference; lastKnownFileType = sourcecode.swift; path = PhotosCollectionViewController.swift; sourceTree = "<group>"; };
		1AEC22132683760400D7CB5B /* PhotoGallery.app */ = {isa = PBXFileReference; explicitFileType = wrapper.application; includeInIndex = 0; path = PhotoGallery.app; sourceTree = BUILT_PRODUCTS_DIR; };
		1AEC22162683760400D7CB5B /* AppDelegate.swift */ = {isa = PBXFileReference; lastKnownFileType = sourcecode.swift; path = AppDelegate.swift; sourceTree = "<group>"; };
		1AEC22182683760400D7CB5B /* SceneDelegate.swift */ = {isa = PBXFileReference; lastKnownFileType = sourcecode.swift; path = SceneDelegate.swift; sourceTree = "<group>"; };
		1AEC221A2683760400D7CB5B /* ViewController.swift */ = {isa = PBXFileReference; lastKnownFileType = sourcecode.swift; path = ViewController.swift; sourceTree = "<group>"; };
		1AEC221D2683760400D7CB5B /* Base */ = {isa = PBXFileReference; lastKnownFileType = file.storyboard; name = Base; path = Base.lproj/Main.storyboard; sourceTree = "<group>"; };
		1AEC221F2683760800D7CB5B /* Assets.xcassets */ = {isa = PBXFileReference; lastKnownFileType = folder.assetcatalog; path = Assets.xcassets; sourceTree = "<group>"; };
		1AEC22222683760800D7CB5B /* Base */ = {isa = PBXFileReference; lastKnownFileType = file.storyboard; name = Base; path = Base.lproj/LaunchScreen.storyboard; sourceTree = "<group>"; };
		1AEC22242683760800D7CB5B /* Info.plist */ = {isa = PBXFileReference; lastKnownFileType = text.plist.xml; path = Info.plist; sourceTree = "<group>"; };
		1AEC222B2683770A00D7CB5B /* MainTabBarController.swift */ = {isa = PBXFileReference; lastKnownFileType = sourcecode.swift; path = MainTabBarController.swift; sourceTree = "<group>"; };
		B104597DD0FEE1D67AB433F7 /* Pods_PhotoGallery.framework */ = {isa = PBXFileReference; explicitFileType = wrapper.framework; includeInIndex = 0; path = Pods_PhotoGallery.framework; sourceTree = BUILT_PRODUCTS_DIR; };
		BBD66934AA1CDF0BD4443095 /* Pods-PhotoGallery.debug.xcconfig */ = {isa = PBXFileReference; includeInIndex = 1; lastKnownFileType = text.xcconfig; name = "Pods-PhotoGallery.debug.xcconfig"; path = "Target Support Files/Pods-PhotoGallery/Pods-PhotoGallery.debug.xcconfig"; sourceTree = "<group>"; };
/* End PBXFileReference section */

/* Begin PBXFrameworksBuildPhase section */
		1AEC22102683760400D7CB5B /* Frameworks */ = {
			isa = PBXFrameworksBuildPhase;
			buildActionMask = 2147483647;
			files = (
				2EC77FC5655C7098C496B7FF /* Pods_PhotoGallery.framework in Frameworks */,
			);
			runOnlyForDeploymentPostprocessing = 0;
		};
/* End PBXFrameworksBuildPhase section */

/* Begin PBXGroup section */
		1A0BF34A26873F2400AA9B2D /* Helpers */ = {
			isa = PBXGroup;
			children = (
				1A0BF34B2687452F00AA9B2D /* ExtensionLabel.swift */,
			);
			path = Helpers;
			sourceTree = "<group>";
		};
		1A0BF34F268745C800AA9B2D /* SecondView */ = {
			isa = PBXGroup;
			children = (
				1A0BF3502687461C00AA9B2D /* LikesCollectionViewCell.swift */,
				1A0BF35426874CCE00AA9B2D /* LikesCollectionViewController.swift */,
			);
			path = SecondView;
			sourceTree = "<group>";
		};
		1A804B0226845A9D001EC2E2 /* Service */ = {
			isa = PBXGroup;
			children = (
				1A804AFF26845313001EC2E2 /* NetworkService.swift */,
				1A804B0426846190001EC2E2 /* NetworkDataFetcher.swift */,
				1A804B0A26846201001EC2E2 /* Models */,
			);
			path = Service;
			sourceTree = "<group>";
		};
		1A804B0A26846201001EC2E2 /* Models */ = {
			isa = PBXGroup;
			children = (
				1A804B07268461F7001EC2E2 /* SearchResults.swift */,
			);
			path = Models;
			sourceTree = "<group>";
		};
		1AEC220A2683760300D7CB5B = {
			isa = PBXGroup;
			children = (
				1AEC22152683760400D7CB5B /* PhotoGallery */,
				1AEC22142683760400D7CB5B /* Products */,
				97DC4DB4D832E8FEACFFF958 /* Pods */,
				97891E3F28C2AD7DE08F61EF /* Frameworks */,
			);
			sourceTree = "<group>";
		};
		1AEC22142683760400D7CB5B /* Products */ = {
			isa = PBXGroup;
			children = (
				1AEC22132683760400D7CB5B /* PhotoGallery.app */,
			);
			name = Products;
			sourceTree = "<group>";
		};
		1AEC22152683760400D7CB5B /* PhotoGallery */ = {
			isa = PBXGroup;
			children = (
				1AEC22162683760400D7CB5B /* AppDelegate.swift */,
				1AEC22182683760400D7CB5B /* SceneDelegate.swift */,
				1AEC221A2683760400D7CB5B /* ViewController.swift */,
				1AE60BCB26837E400091984E /* PhotosCollectionViewController.swift */,
				1A0BF34F268745C800AA9B2D /* SecondView */,
				1A0BF34A26873F2400AA9B2D /* Helpers */,
				1A804B0F26848526001EC2E2 /* PhotosCell.swift */,
				1A804B0226845A9D001EC2E2 /* Service */,
				1AEC222B2683770A00D7CB5B /* MainTabBarController.swift */,
				1AEC221C2683760400D7CB5B /* Main.storyboard */,
				1AEC221F2683760800D7CB5B /* Assets.xcassets */,
				1AEC22212683760800D7CB5B /* LaunchScreen.storyboard */,
				1AEC22242683760800D7CB5B /* Info.plist */,
			);
			path = PhotoGallery;
			sourceTree = "<group>";
		};
		97891E3F28C2AD7DE08F61EF /* Frameworks */ = {
			isa = PBXGroup;
			children = (
				B104597DD0FEE1D67AB433F7 /* Pods_PhotoGallery.framework */,
			);
			name = Frameworks;
			sourceTree = "<group>";
		};
		97DC4DB4D832E8FEACFFF958 /* Pods */ = {
			isa = PBXGroup;
			children = (
				BBD66934AA1CDF0BD4443095 /* Pods-PhotoGallery.debug.xcconfig */,
				0C50CF0E889ABF1773FED206 /* Pods-PhotoGallery.release.xcconfig */,
			);
			path = Pods;
			sourceTree = "<group>";
		};
/* End PBXGroup section */

/* Begin PBXNativeTarget section */
		1AEC22122683760400D7CB5B /* PhotoGallery */ = {
			isa = PBXNativeTarget;
			buildConfigurationList = 1AEC22272683760800D7CB5B /* Build configuration list for PBXNativeTarget "PhotoGallery" */;
			buildPhases = (
				8BC233907CAADD1F68A29305 /* [CP] Check Pods Manifest.lock */,
				1AEC220F2683760400D7CB5B /* Sources */,
				1AEC22102683760400D7CB5B /* Frameworks */,
				1AEC22112683760400D7CB5B /* Resources */,
				5392012A5AC66577482FE07E /* [CP] Embed Pods Frameworks */,
			);
			buildRules = (
			);
			dependencies = (
			);
			name = PhotoGallery;
			productName = PhotoGallery;
			productReference = 1AEC22132683760400D7CB5B /* PhotoGallery.app */;
			productType = "com.apple.product-type.application";
		};
/* End PBXNativeTarget section */

/* Begin PBXProject section */
		1AEC220B2683760300D7CB5B /* Project object */ = {
			isa = PBXProject;
			attributes = {
				LastSwiftUpdateCheck = 1200;
				LastUpgradeCheck = 1200;
				TargetAttributes = {
					1AEC22122683760400D7CB5B = {
						CreatedOnToolsVersion = 12.0.1;
					};
				};
			};
			buildConfigurationList = 1AEC220E2683760300D7CB5B /* Build configuration list for PBXProject "PhotoGallery" */;
			compatibilityVersion = "Xcode 9.3";
			developmentRegion = en;
			hasScannedForEncodings = 0;
			knownRegions = (
				en,
				Base,
			);
			mainGroup = 1AEC220A2683760300D7CB5B;
			productRefGroup = 1AEC22142683760400D7CB5B /* Products */;
			projectDirPath = "";
			projectRoot = "";
			targets = (
				1AEC22122683760400D7CB5B /* PhotoGallery */,
			);
		};
/* End PBXProject section */

/* Begin PBXResourcesBuildPhase section */
		1AEC22112683760400D7CB5B /* Resources */ = {
			isa = PBXResourcesBuildPhase;
			buildActionMask = 2147483647;
			files = (
				1AEC22232683760800D7CB5B /* LaunchScreen.storyboard in Resources */,
				1AEC22202683760800D7CB5B /* Assets.xcassets in Resources */,
				1AEC221E2683760400D7CB5B /* Main.storyboard in Resources */,
			);
			runOnlyForDeploymentPostprocessing = 0;
		};
/* End PBXResourcesBuildPhase section */

/* Begin PBXShellScriptBuildPhase section */
		5392012A5AC66577482FE07E /* [CP] Embed Pods Frameworks */ = {
			isa = PBXShellScriptBuildPhase;
			buildActionMask = 2147483647;
			files = (
			);
			inputFileListPaths = (
				"${PODS_ROOT}/Target Support Files/Pods-PhotoGallery/Pods-PhotoGallery-frameworks-${CONFIGURATION}-input-files.xcfilelist",
			);
			name = "[CP] Embed Pods Frameworks";
			outputFileListPaths = (
				"${PODS_ROOT}/Target Support Files/Pods-PhotoGallery/Pods-PhotoGallery-frameworks-${CONFIGURATION}-output-files.xcfilelist",
			);
			runOnlyForDeploymentPostprocessing = 0;
			shellPath = /bin/sh;
			shellScript = "\"${PODS_ROOT}/Target Support Files/Pods-PhotoGallery/Pods-PhotoGallery-frameworks.sh\"\n";
			showEnvVarsInLog = 0;
		};
		8BC233907CAADD1F68A29305 /* [CP] Check Pods Manifest.lock */ = {
			isa = PBXShellScriptBuildPhase;
			buildActionMask = 2147483647;
			files = (
			);
			inputFileListPaths = (
			);
			inputPaths = (
				"${PODS_PODFILE_DIR_PATH}/Podfile.lock",
				"${PODS_ROOT}/Manifest.lock",
			);
			name = "[CP] Check Pods Manifest.lock";
			outputFileListPaths = (
			);
			outputPaths = (
				"$(DERIVED_FILE_DIR)/Pods-PhotoGallery-checkManifestLockResult.txt",
			);
			runOnlyForDeploymentPostprocessing = 0;
			shellPath = /bin/sh;
			shellScript = "diff \"${PODS_PODFILE_DIR_PATH}/Podfile.lock\" \"${PODS_ROOT}/Manifest.lock\" > /dev/null\nif [ $? != 0 ] ; then\n    # print error to STDERR\n    echo \"error: The sandbox is not in sync with the Podfile.lock. Run 'pod install' or update your CocoaPods installation.\" >&2\n    exit 1\nfi\n# This output is used by Xcode 'outputs' to avoid re-running this script phase.\necho \"SUCCESS\" > \"${SCRIPT_OUTPUT_FILE_0}\"\n";
			showEnvVarsInLog = 0;
		};
/* End PBXShellScriptBuildPhase section */

/* Begin PBXSourcesBuildPhase section */
		1AEC220F2683760400D7CB5B /* Sources */ = {
			isa = PBXSourcesBuildPhase;
			buildActionMask = 2147483647;
			files = (
				1A804B0526846190001EC2E2 /* NetworkDataFetcher.swift in Sources */,
				1AEC222C2683770A00D7CB5B /* MainTabBarController.swift in Sources */,
				1A0BF3512687461C00AA9B2D /* LikesCollectionViewCell.swift in Sources */,
				1AEC221B2683760400D7CB5B /* ViewController.swift in Sources */,
				1AEC22172683760400D7CB5B /* AppDelegate.swift in Sources */,
				1A0BF35526874CCE00AA9B2D /* LikesCollectionViewController.swift in Sources */,
				1A0BF34C2687452F00AA9B2D /* ExtensionLabel.swift in Sources */,
				1AE60BCC26837E400091984E /* PhotosCollectionViewController.swift in Sources */,
				1A804B0026845313001EC2E2 /* NetworkService.swift in Sources */,
				1A804B08268461F7001EC2E2 /* SearchResults.swift in Sources */,
				1AEC22192683760400D7CB5B /* SceneDelegate.swift in Sources */,
				1A804B1026848526001EC2E2 /* PhotosCell.swift in Sources */,
			);
			runOnlyForDeploymentPostprocessing = 0;
		};
/* End PBXSourcesBuildPhase section */

/* Begin PBXVariantGroup section */
		1AEC221C2683760400D7CB5B /* Main.storyboard */ = {
			isa = PBXVariantGroup;
			children = (
				1AEC221D2683760400D7CB5B /* Base */,
			);
			name = Main.storyboard;
			sourceTree = "<group>";
		};
		1AEC22212683760800D7CB5B /* LaunchScreen.storyboard */ = {
			isa = PBXVariantGroup;
			children = (
				1AEC22222683760800D7CB5B /* Base */,
			);
			name = LaunchScreen.storyboard;
			sourceTree = "<group>";
		};
/* End PBXVariantGroup section */

/* Begin XCBuildConfiguration section */
		1AEC22252683760800D7CB5B /* Debug */ = {
			isa = XCBuildConfiguration;
			buildSettings = {
				ALWAYS_SEARCH_USER_PATHS = NO;
				CLANG_ANALYZER_NONNULL = YES;
				CLANG_ANALYZER_NUMBER_OBJECT_CONVERSION = YES_AGGRESSIVE;
				CLANG_CXX_LANGUAGE_STANDARD = "gnu++14";
				CLANG_CXX_LIBRARY = "libc++";
				CLANG_ENABLE_MODULES = YES;
				CLANG_ENABLE_OBJC_ARC = YES;
				CLANG_ENABLE_OBJC_WEAK = YES;
				CLANG_WARN_BLOCK_CAPTURE_AUTORELEASING = YES;
				CLANG_WARN_BOOL_CONVERSION = YES;
				CLANG_WARN_COMMA = YES;
				CLANG_WARN_CONSTANT_CONVERSION = YES;
				CLANG_WARN_DEPRECATED_OBJC_IMPLEMENTATIONS = YES;
				CLANG_WARN_DIRECT_OBJC_ISA_USAGE = YES_ERROR;
				CLANG_WARN_DOCUMENTATION_COMMENTS = YES;
				CLANG_WARN_EMPTY_BODY = YES;
				CLANG_WARN_ENUM_CONVERSION = YES;
				CLANG_WARN_INFINITE_RECURSION = YES;
				CLANG_WARN_INT_CONVERSION = YES;
				CLANG_WARN_NON_LITERAL_NULL_CONVERSION = YES;
				CLANG_WARN_OBJC_IMPLICIT_RETAIN_SELF = YES;
				CLANG_WARN_OBJC_LITERAL_CONVERSION = YES;
				CLANG_WARN_OBJC_ROOT_CLASS = YES_ERROR;
				CLANG_WARN_QUOTED_INCLUDE_IN_FRAMEWORK_HEADER = YES;
				CLANG_WARN_RANGE_LOOP_ANALYSIS = YES;
				CLANG_WARN_STRICT_PROTOTYPES = YES;
				CLANG_WARN_SUSPICIOUS_MOVE = YES;
				CLANG_WARN_UNGUARDED_AVAILABILITY = YES_AGGRESSIVE;
				CLANG_WARN_UNREACHABLE_CODE = YES;
				CLANG_WARN__DUPLICATE_METHOD_MATCH = YES;
				COPY_PHASE_STRIP = NO;
				DEBUG_INFORMATION_FORMAT = dwarf;
				ENABLE_STRICT_OBJC_MSGSEND = YES;
				ENABLE_TESTABILITY = YES;
				GCC_C_LANGUAGE_STANDARD = gnu11;
				GCC_DYNAMIC_NO_PIC = NO;
				GCC_NO_COMMON_BLOCKS = YES;
				GCC_OPTIMIZATION_LEVEL = 0;
				GCC_PREPROCESSOR_DEFINITIONS = (
					"DEBUG=1",
					"$(inherited)",
				);
				GCC_WARN_64_TO_32_BIT_CONVERSION = YES;
				GCC_WARN_ABOUT_RETURN_TYPE = YES_ERROR;
				GCC_WARN_UNDECLARED_SELECTOR = YES;
				GCC_WARN_UNINITIALIZED_AUTOS = YES_AGGRESSIVE;
				GCC_WARN_UNUSED_FUNCTION = YES;
				GCC_WARN_UNUSED_VARIABLE = YES;
				IPHONEOS_DEPLOYMENT_TARGET = 14.0;
				MTL_ENABLE_DEBUG_INFO = INCLUDE_SOURCE;
				MTL_FAST_MATH = YES;
				ONLY_ACTIVE_ARCH = YES;
				SDKROOT = iphoneos;
				SWIFT_ACTIVE_COMPILATION_CONDITIONS = DEBUG;
				SWIFT_OPTIMIZATION_LEVEL = "-Onone";
			};
			name = Debug;
		};
		1AEC22262683760800D7CB5B /* Release */ = {
			isa = XCBuildConfiguration;
			buildSettings = {
				ALWAYS_SEARCH_USER_PATHS = NO;
				CLANG_ANALYZER_NONNULL = YES;
				CLANG_ANALYZER_NUMBER_OBJECT_CONVERSION = YES_AGGRESSIVE;
				CLANG_CXX_LANGUAGE_STANDARD = "gnu++14";
				CLANG_CXX_LIBRARY = "libc++";
				CLANG_ENABLE_MODULES = YES;
				CLANG_ENABLE_OBJC_ARC = YES;
				CLANG_ENABLE_OBJC_WEAK = YES;
				CLANG_WARN_BLOCK_CAPTURE_AUTORELEASING = YES;
				CLANG_WARN_BOOL_CONVERSION = YES;
				CLANG_WARN_COMMA = YES;
				CLANG_WARN_CONSTANT_CONVERSION = YES;
				CLANG_WARN_DEPRECATED_OBJC_IMPLEMENTATIONS = YES;
				CLANG_WARN_DIRECT_OBJC_ISA_USAGE = YES_ERROR;
				CLANG_WARN_DOCUMENTATION_COMMENTS = YES;
				CLANG_WARN_EMPTY_BODY = YES;
				CLANG_WARN_ENUM_CONVERSION = YES;
				CLANG_WARN_INFINITE_RECURSION = YES;
				CLANG_WARN_INT_CONVERSION = YES;
				CLANG_WARN_NON_LITERAL_NULL_CONVERSION = YES;
				CLANG_WARN_OBJC_IMPLICIT_RETAIN_SELF = YES;
				CLANG_WARN_OBJC_LITERAL_CONVERSION = YES;
				CLANG_WARN_OBJC_ROOT_CLASS = YES_ERROR;
				CLANG_WARN_QUOTED_INCLUDE_IN_FRAMEWORK_HEADER = YES;
				CLANG_WARN_RANGE_LOOP_ANALYSIS = YES;
				CLANG_WARN_STRICT_PROTOTYPES = YES;
				CLANG_WARN_SUSPICIOUS_MOVE = YES;
				CLANG_WARN_UNGUARDED_AVAILABILITY = YES_AGGRESSIVE;
				CLANG_WARN_UNREACHABLE_CODE = YES;
				CLANG_WARN__DUPLICATE_METHOD_MATCH = YES;
				COPY_PHASE_STRIP = NO;
				DEBUG_INFORMATION_FORMAT = "dwarf-with-dsym";
				ENABLE_NS_ASSERTIONS = NO;
				ENABLE_STRICT_OBJC_MSGSEND = YES;
				GCC_C_LANGUAGE_STANDARD = gnu11;
				GCC_NO_COMMON_BLOCKS = YES;
				GCC_WARN_64_TO_32_BIT_CONVERSION = YES;
				GCC_WARN_ABOUT_RETURN_TYPE = YES_ERROR;
				GCC_WARN_UNDECLARED_SELECTOR = YES;
				GCC_WARN_UNINITIALIZED_AUTOS = YES_AGGRESSIVE;
				GCC_WARN_UNUSED_FUNCTION = YES;
				GCC_WARN_UNUSED_VARIABLE = YES;
				IPHONEOS_DEPLOYMENT_TARGET = 14.0;
				MTL_ENABLE_DEBUG_INFO = NO;
				MTL_FAST_MATH = YES;
				SDKROOT = iphoneos;
				SWIFT_COMPILATION_MODE = wholemodule;
				SWIFT_OPTIMIZATION_LEVEL = "-O";
				VALIDATE_PRODUCT = YES;
			};
			name = Release;
		};
		1AEC22282683760800D7CB5B /* Debug */ = {
			isa = XCBuildConfiguration;
			baseConfigurationReference = BBD66934AA1CDF0BD4443095 /* Pods-PhotoGallery.debug.xcconfig */;
			buildSettings = {
				ASSETCATALOG_COMPILER_APPICON_NAME = AppIcon;
				ASSETCATALOG_COMPILER_GLOBAL_ACCENT_COLOR_NAME = AccentColor;
				CODE_SIGN_STYLE = Automatic;
				INFOPLIST_FILE = PhotoGallery/Info.plist;
				LD_RUNPATH_SEARCH_PATHS = (
					"$(inherited)",
					"@executable_path/Frameworks",
				);
				PRODUCT_BUNDLE_IDENTIFIER = talgatkm.PhotoGallery;
				PRODUCT_NAME = "$(TARGET_NAME)";
				SWIFT_VERSION = 5.0;
				TARGETED_DEVICE_FAMILY = "1,2";
			};
			name = Debug;
		};
		1AEC22292683760800D7CB5B /* Release */ = {
			isa = XCBuildConfiguration;
			baseConfigurationReference = 0C50CF0E889ABF1773FED206 /* Pods-PhotoGallery.release.xcconfig */;
			buildSettings = {
				ASSETCATALOG_COMPILER_APPICON_NAME = AppIcon;
				ASSETCATALOG_COMPILER_GLOBAL_ACCENT_COLOR_NAME = AccentColor;
				CODE_SIGN_STYLE = Automatic;
				INFOPLIST_FILE = PhotoGallery/Info.plist;
				LD_RUNPATH_SEARCH_PATHS = (
					"$(inherited)",
					"@executable_path/Frameworks",
				);
				PRODUCT_BUNDLE_IDENTIFIER = talgatkm.PhotoGallery;
				PRODUCT_NAME = "$(TARGET_NAME)";
				SWIFT_VERSION = 5.0;
				TARGETED_DEVICE_FAMILY = "1,2";
			};
			name = Release;
		};
/* End XCBuildConfiguration section */

/* Begin XCConfigurationList section */
		1AEC220E2683760300D7CB5B /* Build configuration list for PBXProject "PhotoGallery" */ = {
			isa = XCConfigurationList;
			buildConfigurations = (
				1AEC22252683760800D7CB5B /* Debug */,
				1AEC22262683760800D7CB5B /* Release */,
			);
			defaultConfigurationIsVisible = 0;
			defaultConfigurationName = Release;
		};
		1AEC22272683760800D7CB5B /* Build configuration list for PBXNativeTarget "PhotoGallery" */ = {
			isa = XCConfigurationList;
			buildConfigurations = (
				1AEC22282683760800D7CB5B /* Debug */,
				1AEC22292683760800D7CB5B /* Release */,
			);
			defaultConfigurationIsVisible = 0;
			defaultConfigurationName = Release;
		};
/* End XCConfigurationList section */
	};
	rootObject = 1AEC220B2683760300D7CB5B /* Project object */;
}
